
Microsoft Visual Studio Solution File, Format Version 12.00
# Visual Studio Version 16
VisualStudioVersion = 16.0.30225.117
MinimumVisualStudioVersion = 10.0.40219.1
Project("{FAE04EC0-301F-11D3-BF4B-00C04F79EFBC}") = "Aliyun.Sls.Net", "Aliyun.Sls.Net.csproj", "{4DBAE4C0-1B9A-4BD0-A9D3-8029AE319287}"
EndProject
Global
	GlobalSection(SolutionConfigurationPlatforms) = preSolution
		Debug|Any CPU = Debug|Any CPU
		Release|Any CPU = Release|Any CPU
	EndGlobalSection
	GlobalSection(ProjectConfigurationPlatforms) = postSolution
		{4DBAE4C0-1B9A-4BD0-A9D3-8029AE319287}.Debug|Any CPU.ActiveCfg = Debug|Any CPU
		{4DBAE4C0-1B9A-4BD0-A9D3-8029AE319287}.Debug|Any CPU.Build.0 = Debug|Any CPU
		{4DBAE4C0-1B9A-4BD0-A9D3-8029AE319287}.Release|Any CPU.ActiveCfg = Release|Any CPU
		{4DBAE4C0-1B9A-4BD0-A9D3-8029AE319287}.Release|Any CPU.Build.0 = Release|Any CPU
	EndGlobalSection
	GlobalSection(SolutionProperties) = preSolution
		HideSolutionNode = FALSE
	EndGlobalSection
	GlobalSection(ExtensibilityGlobals) = postSolution
		SolutionGuid = {13E1714D-9EE7-43B8-A73E-3310A81BA504}
	EndGlobalSection
EndGlobal
